// !$*UTF8*$!
{
	archiveVersion = 1;
	classes = {
	};
	objectVersion = 46;
	objects = {

/* Begin PBXBuildFile section */
		77F643A21F9D11F8002BC907 /* Item.swift in Sources */ = {isa = PBXBuildFile; fileRef = 77F643A11F9D11F8002BC907 /* Item.swift */; };
		77F643A41F9D1235002BC907 /* Wishlist.swift in Sources */ = {isa = PBXBuildFile; fileRef = 77F643A31F9D1235002BC907 /* Wishlist.swift */; };
		77F643A61F9D125B002BC907 /* Store.swift in Sources */ = {isa = PBXBuildFile; fileRef = 77F643A51F9D125B002BC907 /* Store.swift */; };
		77F643A81F9D2A80002BC907 /* ListItemController.swift in Sources */ = {isa = PBXBuildFile; fileRef = 77F643A71F9D2A80002BC907 /* ListItemController.swift */; };
		77F643AA1F9D3C47002BC907 /* DeleteItemController.swift in Sources */ = {isa = PBXBuildFile; fileRef = 77F643A91F9D3C47002BC907 /* DeleteItemController.swift */; };
		77F643AC1F9D4C9D002BC907 /* SearchItemController.swift in Sources */ = {isa = PBXBuildFile; fileRef = 77F643AB1F9D4C9D002BC907 /* SearchItemController.swift */; };
		77F94FFC1F9C5B7C00E7AE5E /* AppDelegate.swift in Sources */ = {isa = PBXBuildFile; fileRef = 77F94FFB1F9C5B7C00E7AE5E /* AppDelegate.swift */; };
		77F94FFE1F9C5B7C00E7AE5E /* ViewController.swift in Sources */ = {isa = PBXBuildFile; fileRef = 77F94FFD1F9C5B7C00E7AE5E /* ViewController.swift */; };
		77F950031F9C5B7C00E7AE5E /* Assets.xcassets in Resources */ = {isa = PBXBuildFile; fileRef = 77F950021F9C5B7C00E7AE5E /* Assets.xcassets */; };
		77F950061F9C5B7C00E7AE5E /* LaunchScreen.storyboard in Resources */ = {isa = PBXBuildFile; fileRef = 77F950041F9C5B7C00E7AE5E /* LaunchScreen.storyboard */; };
		77F950111F9C5B7C00E7AE5E /* assignment4Tests.swift in Sources */ = {isa = PBXBuildFile; fileRef = 77F950101F9C5B7C00E7AE5E /* assignment4Tests.swift */; };
		77F9501C1F9C5B7C00E7AE5E /* assignment4UITests.swift in Sources */ = {isa = PBXBuildFile; fileRef = 77F9501B1F9C5B7C00E7AE5E /* assignment4UITests.swift */; };
		77F9502C1F9C7E9900E7AE5E /* AddItemController.swift in Sources */ = {isa = PBXBuildFile; fileRef = 77F9502B1F9C7E9900E7AE5E /* AddItemController.swift */; };
/* End PBXBuildFile section */

/* Begin PBXContainerItemProxy section */
		77F9500D1F9C5B7C00E7AE5E /* PBXContainerItemProxy */ = {
			isa = PBXContainerItemProxy;
			containerPortal = 77F94FF01F9C5B7C00E7AE5E /* Project object */;
			proxyType = 1;
			remoteGlobalIDString = 77F94FF71F9C5B7C00E7AE5E;
			remoteInfo = assignment4;
		};
		77F950181F9C5B7C00E7AE5E /* PBXContainerItemProxy */ = {
			isa = PBXContainerItemProxy;
			containerPortal = 77F94FF01F9C5B7C00E7AE5E /* Project object */;
			proxyType = 1;
			remoteGlobalIDString = 77F94FF71F9C5B7C00E7AE5E;
			remoteInfo = assignment4;
		};
/* End PBXContainerItemProxy section */

/* Begin PBXFileReference section */
		77F643A11F9D11F8002BC907 /* Item.swift */ = {isa = PBXFileReference; fileEncoding = 4; lastKnownFileType = sourcecode.swift; path = Item.swift; sourceTree = "<group>"; };
		77F643A31F9D1235002BC907 /* Wishlist.swift */ = {isa = PBXFileReference; fileEncoding = 4; lastKnownFileType = sourcecode.swift; path = Wishlist.swift; sourceTree = "<group>"; };
		77F643A51F9D125B002BC907 /* Store.swift */ = {isa = PBXFileReference; fileEncoding = 4; lastKnownFileType = sourcecode.swift; path = Store.swift; sourceTree = "<group>"; };
		77F643A71F9D2A80002BC907 /* ListItemController.swift */ = {isa = PBXFileReference; fileEncoding = 4; lastKnownFileType = sourcecode.swift; path = ListItemController.swift; sourceTree = "<group>"; };
		77F643A91F9D3C47002BC907 /* DeleteItemController.swift */ = {isa = PBXFileReference; fileEncoding = 4; lastKnownFileType = sourcecode.swift; path = DeleteItemController.swift; sourceTree = "<group>"; };
		77F643AB1F9D4C9D002BC907 /* SearchItemController.swift */ = {isa = PBXFileReference; fileEncoding = 4; lastKnownFileType = sourcecode.swift; path = SearchItemController.swift; sourceTree = "<group>"; };
		77F94FF81F9C5B7C00E7AE5E /* assignment4.app */ = {isa = PBXFileReference; explicitFileType = wrapper.application; includeInIndex = 0; path = assignment4.app; sourceTree = BUILT_PRODUCTS_DIR; };
		77F94FFB1F9C5B7C00E7AE5E /* AppDelegate.swift */ = {isa = PBXFileReference; lastKnownFileType = sourcecode.swift; path = AppDelegate.swift; sourceTree = "<group>"; };
		77F94FFD1F9C5B7C00E7AE5E /* ViewController.swift */ = {isa = PBXFileReference; lastKnownFileType = sourcecode.swift; path = ViewController.swift; sourceTree = "<group>"; };
		77F950021F9C5B7C00E7AE5E /* Assets.xcassets */ = {isa = PBXFileReference; lastKnownFileType = folder.assetcatalog; path = Assets.xcassets; sourceTree = "<group>"; };
		77F950051F9C5B7C00E7AE5E /* Base */ = {isa = PBXFileReference; lastKnownFileType = file.storyboard; name = Base; path = Base.lproj/LaunchScreen.storyboard; sourceTree = "<group>"; };
		77F950071F9C5B7C00E7AE5E /* Info.plist */ = {isa = PBXFileReference; lastKnownFileType = text.plist.xml; path = Info.plist; sourceTree = "<group>"; };
		77F9500C1F9C5B7C00E7AE5E /* assignment4Tests.xctest */ = {isa = PBXFileReference; explicitFileType = wrapper.cfbundle; includeInIndex = 0; path = assignment4Tests.xctest; sourceTree = BUILT_PRODUCTS_DIR; };
		77F950101F9C5B7C00E7AE5E /* assignment4Tests.swift */ = {isa = PBXFileReference; lastKnownFileType = sourcecode.swift; path = assignment4Tests.swift; sourceTree = "<group>"; };
		77F950121F9C5B7C00E7AE5E /* Info.plist */ = {isa = PBXFileReference; lastKnownFileType = text.plist.xml; path = Info.plist; sourceTree = "<group>"; };
		77F950171F9C5B7C00E7AE5E /* assignment4UITests.xctest */ = {isa = PBXFileReference; explicitFileType = wrapper.cfbundle; includeInIndex = 0; path = assignment4UITests.xctest; sourceTree = BUILT_PRODUCTS_DIR; };
		77F9501B1F9C5B7C00E7AE5E /* assignment4UITests.swift */ = {isa = PBXFileReference; lastKnownFileType = sourcecode.swift; path = assignment4UITests.swift; sourceTree = "<group>"; };
		77F9501D1F9C5B7C00E7AE5E /* Info.plist */ = {isa = PBXFileReference; lastKnownFileType = text.plist.xml; path = Info.plist; sourceTree = "<group>"; };
		77F9502B1F9C7E9900E7AE5E /* AddItemController.swift */ = {isa = PBXFileReference; fileEncoding = 4; lastKnownFileType = sourcecode.swift; path = AddItemController.swift; sourceTree = "<group>"; };
/* End PBXFileReference section */

/* Begin PBXFrameworksBuildPhase section */
		77F94FF51F9C5B7C00E7AE5E /* Frameworks */ = {
			isa = PBXFrameworksBuildPhase;
			buildActionMask = 2147483647;
			files = (
			);
			runOnlyForDeploymentPostprocessing = 0;
		};
		77F950091F9C5B7C00E7AE5E /* Frameworks */ = {
			isa = PBXFrameworksBuildPhase;
			buildActionMask = 2147483647;
			files = (
			);
			runOnlyForDeploymentPostprocessing = 0;
		};
		77F950141F9C5B7C00E7AE5E /* Frameworks */ = {
			isa = PBXFrameworksBuildPhase;
			buildActionMask = 2147483647;
			files = (
			);
			runOnlyForDeploymentPostprocessing = 0;
		};
/* End PBXFrameworksBuildPhase section */

/* Begin PBXGroup section */
		77F643A01F9D11D3002BC907 /* Pojos */ = {
			isa = PBXGroup;
			children = (
				77F643A11F9D11F8002BC907 /* Item.swift */,
				77F643A31F9D1235002BC907 /* Wishlist.swift */,
				77F643A51F9D125B002BC907 /* Store.swift */,
			);
			name = Pojos;
			sourceTree = "<group>";
		};
		77F94FEF1F9C5B7C00E7AE5E = {
			isa = PBXGroup;
			children = (
				77F94FFA1F9C5B7C00E7AE5E /* assignment4 */,
				77F9500F1F9C5B7C00E7AE5E /* assignment4Tests */,
				77F9501A1F9C5B7C00E7AE5E /* assignment4UITests */,
				77F94FF91F9C5B7C00E7AE5E /* Products */,
			);
			sourceTree = "<group>";
		};
		77F94FF91F9C5B7C00E7AE5E /* Products */ = {
			isa = PBXGroup;
			children = (
				77F94FF81F9C5B7C00E7AE5E /* assignment4.app */,
				77F9500C1F9C5B7C00E7AE5E /* assignment4Tests.xctest */,
				77F950171F9C5B7C00E7AE5E /* assignment4UITests.xctest */,
			);
			name = Products;
			sourceTree = "<group>";
		};
		77F94FFA1F9C5B7C00E7AE5E /* assignment4 */ = {
			isa = PBXGroup;
			children = (
				77F643A01F9D11D3002BC907 /* Pojos */,
				77F94FFB1F9C5B7C00E7AE5E /* AppDelegate.swift */,
				77F94FFD1F9C5B7C00E7AE5E /* ViewController.swift */,
				77F950021F9C5B7C00E7AE5E /* Assets.xcassets */,
				77F950041F9C5B7C00E7AE5E /* LaunchScreen.storyboard */,
				77F950071F9C5B7C00E7AE5E /* Info.plist */,
				77F9502B1F9C7E9900E7AE5E /* AddItemController.swift */,
				77F643A71F9D2A80002BC907 /* ListItemController.swift */,
				77F643A91F9D3C47002BC907 /* DeleteItemController.swift */,
				77F643AB1F9D4C9D002BC907 /* SearchItemController.swift */,
			);
			path = assignment4;
			sourceTree = "<group>";
		};
		77F9500F1F9C5B7C00E7AE5E /* assignment4Tests */ = {
			isa = PBXGroup;
			children = (
				77F950101F9C5B7C00E7AE5E /* assignment4Tests.swift */,
				77F950121F9C5B7C00E7AE5E /* Info.plist */,
			);
			path = assignment4Tests;
			sourceTree = "<group>";
		};
		77F9501A1F9C5B7C00E7AE5E /* assignment4UITests */ = {
			isa = PBXGroup;
			children = (
				77F9501B1F9C5B7C00E7AE5E /* assignment4UITests.swift */,
				77F9501D1F9C5B7C00E7AE5E /* Info.plist */,
			);
			path = assignment4UITests;
			sourceTree = "<group>";
		};
/* End PBXGroup section */

/* Begin PBXNativeTarget section */
		77F94FF71F9C5B7C00E7AE5E /* assignment4 */ = {
			isa = PBXNativeTarget;
			buildConfigurationList = 77F950201F9C5B7C00E7AE5E /* Build configuration list for PBXNativeTarget "assignment4" */;
			buildPhases = (
				77F94FF41F9C5B7C00E7AE5E /* Sources */,
				77F94FF51F9C5B7C00E7AE5E /* Frameworks */,
				77F94FF61F9C5B7C00E7AE5E /* Resources */,
			);
			buildRules = (
			);
			dependencies = (
			);
			name = assignment4;
			productName = assignment4;
			productReference = 77F94FF81F9C5B7C00E7AE5E /* assignment4.app */;
			productType = "com.apple.product-type.application";
		};
		77F9500B1F9C5B7C00E7AE5E /* assignment4Tests */ = {
			isa = PBXNativeTarget;
			buildConfigurationList = 77F950231F9C5B7C00E7AE5E /* Build configuration list for PBXNativeTarget "assignment4Tests" */;
			buildPhases = (
				77F950081F9C5B7C00E7AE5E /* Sources */,
				77F950091F9C5B7C00E7AE5E /* Frameworks */,
				77F9500A1F9C5B7C00E7AE5E /* Resources */,
			);
			buildRules = (
			);
			dependencies = (
				77F9500E1F9C5B7C00E7AE5E /* PBXTargetDependency */,
			);
			name = assignment4Tests;
			productName = assignment4Tests;
			productReference = 77F9500C1F9C5B7C00E7AE5E /* assignment4Tests.xctest */;
			productType = "com.apple.product-type.bundle.unit-test";
		};
		77F950161F9C5B7C00E7AE5E /* assignment4UITests */ = {
			isa = PBXNativeTarget;
			buildConfigurationList = 77F950261F9C5B7C00E7AE5E /* Build configuration list for PBXNativeTarget "assignment4UITests" */;
			buildPhases = (
				77F950131F9C5B7C00E7AE5E /* Sources */,
				77F950141F9C5B7C00E7AE5E /* Frameworks */,
				77F950151F9C5B7C00E7AE5E /* Resources */,
			);
			buildRules = (
			);
			dependencies = (
				77F950191F9C5B7C00E7AE5E /* PBXTargetDependency */,
			);
			name = assignment4UITests;
			productName = assignment4UITests;
			productReference = 77F950171F9C5B7C00E7AE5E /* assignment4UITests.xctest */;
			productType = "com.apple.product-type.bundle.ui-testing";
		};
/* End PBXNativeTarget section */

/* Begin PBXProject section */
		77F94FF01F9C5B7C00E7AE5E /* Project object */ = {
			isa = PBXProject;
			attributes = {
				LastSwiftUpdateCheck = 0830;
				LastUpgradeCheck = 0830;
				ORGANIZATIONNAME = "Surabhi Patil";
				TargetAttributes = {
					77F94FF71F9C5B7C00E7AE5E = {
						CreatedOnToolsVersion = 8.3.3;
						ProvisioningStyle = Automatic;
					};
					77F9500B1F9C5B7C00E7AE5E = {
						CreatedOnToolsVersion = 8.3.3;
						ProvisioningStyle = Automatic;
						TestTargetID = 77F94FF71F9C5B7C00E7AE5E;
					};
					77F950161F9C5B7C00E7AE5E = {
						CreatedOnToolsVersion = 8.3.3;
						ProvisioningStyle = Automatic;
						TestTargetID = 77F94FF71F9C5B7C00E7AE5E;
					};
				};
			};
			buildConfigurationList = 77F94FF31F9C5B7C00E7AE5E /* Build configuration list for PBXProject "assignment4" */;
			compatibilityVersion = "Xcode 3.2";
			developmentRegion = English;
			hasScannedForEncodings = 0;
			knownRegions = (
				en,
				Base,
			);
			mainGroup = 77F94FEF1F9C5B7C00E7AE5E;
			productRefGroup = 77F94FF91F9C5B7C00E7AE5E /* Products */;
			projectDirPath = "";
			projectRoot = "";
			targets = (
				77F94FF71F9C5B7C00E7AE5E /* assignment4 */,
				77F9500B1F9C5B7C00E7AE5E /* assignment4Tests */,
				77F950161F9C5B7C00E7AE5E /* assignment4UITests */,
			);
		};
/* End PBXProject section */

/* Begin PBXResourcesBuildPhase section */
		77F94FF61F9C5B7C00E7AE5E /* Resources */ = {
			isa = PBXResourcesBuildPhase;
			buildActionMask = 2147483647;
			files = (
				77F950061F9C5B7C00E7AE5E /* LaunchScreen.storyboard in Resources */,
				77F950031F9C5B7C00E7AE5E /* Assets.xcassets in Resources */,
			);
			runOnlyForDeploymentPostprocessing = 0;
		};
		77F9500A1F9C5B7C00E7AE5E /* Resources */ = {
			isa = PBXResourcesBuildPhase;
			buildActionMask = 2147483647;
			files = (
			);
			runOnlyForDeploymentPostprocessing = 0;
		};
		77F950151F9C5B7C00E7AE5E /* Resources */ = {
			isa = PBXResourcesBuildPhase;
			buildActionMask = 2147483647;
			files = (
			);
			runOnlyForDeploymentPostprocessing = 0;
		};
/* End PBXResourcesBuildPhase section */

/* Begin PBXSourcesBuildPhase section */
		77F94FF41F9C5B7C00E7AE5E /* Sources */ = {
			isa = PBXSourcesBuildPhase;
			buildActionMask = 2147483647;
			files = (
				77F643A21F9D11F8002BC907 /* Item.swift in Sources */,
				77F643AC1F9D4C9D002BC907 /* SearchItemController.swift in Sources */,
				77F643A41F9D1235002BC907 /* Wishlist.swift in Sources */,
				77F9502C1F9C7E9900E7AE5E /* AddItemController.swift in Sources */,
				77F643AA1F9D3C47002BC907 /* DeleteItemController.swift in Sources */,
				77F643A61F9D125B002BC907 /* Store.swift in Sources */,
				77F94FFE1F9C5B7C00E7AE5E /* ViewController.swift in Sources */,
				77F94FFC1F9C5B7C00E7AE5E /* AppDelegate.swift in Sources */,
				77F643A81F9D2A80002BC907 /* ListItemController.swift in Sources */,
			);
			runOnlyForDeploymentPostprocessing = 0;
		};
		77F950081F9C5B7C00E7AE5E /* Sources */ = {
			isa = PBXSourcesBuildPhase;
			buildActionMask = 2147483647;
			files = (
				77F950111F9C5B7C00E7AE5E /* assignment4Tests.swift in Sources */,
			);
			runOnlyForDeploymentPostprocessing = 0;
		};
		77F950131F9C5B7C00E7AE5E /* Sources */ = {
			isa = PBXSourcesBuildPhase;
			buildActionMask = 2147483647;
			files = (
				77F9501C1F9C5B7C00E7AE5E /* assignment4UITests.swift in Sources */,
			);
			runOnlyForDeploymentPostprocessing = 0;
		};
/* End PBXSourcesBuildPhase section */

/* Begin PBXTargetDependency section */
		77F9500E1F9C5B7C00E7AE5E /* PBXTargetDependency */ = {
			isa = PBXTargetDependency;
			target = 77F94FF71F9C5B7C00E7AE5E /* assignment4 */;
			targetProxy = 77F9500D1F9C5B7C00E7AE5E /* PBXContainerItemProxy */;
		};
		77F950191F9C5B7C00E7AE5E /* PBXTargetDependency */ = {
			isa = PBXTargetDependency;
			target = 77F94FF71F9C5B7C00E7AE5E /* assignment4 */;
			targetProxy = 77F950181F9C5B7C00E7AE5E /* PBXContainerItemProxy */;
		};
/* End PBXTargetDependency section */

/* Begin PBXVariantGroup section */
		77F950041F9C5B7C00E7AE5E /* LaunchScreen.storyboard */ = {
			isa = PBXVariantGroup;
			children = (
				77F950051F9C5B7C00E7AE5E /* Base */,
			);
			name = LaunchScreen.storyboard;
			sourceTree = "<group>";
		};
/* End PBXVariantGroup section */

/* Begin XCBuildConfiguration section */
		77F9501E1F9C5B7C00E7AE5E /* Debug */ = {
			isa = XCBuildConfiguration;
			buildSettings = {
				ALWAYS_SEARCH_USER_PATHS = NO;
				CLANG_ANALYZER_NONNULL = YES;
				CLANG_ANALYZER_NUMBER_OBJECT_CONVERSION = YES_AGGRESSIVE;
				CLANG_CXX_LANGUAGE_STANDARD = "gnu++0x";
				CLANG_CXX_LIBRARY = "libc++";
				CLANG_ENABLE_MODULES = YES;
				CLANG_ENABLE_OBJC_ARC = YES;
				CLANG_WARN_BOOL_CONVERSION = YES;
				CLANG_WARN_CONSTANT_CONVERSION = YES;
				CLANG_WARN_DIRECT_OBJC_ISA_USAGE = YES_ERROR;
				CLANG_WARN_DOCUMENTATION_COMMENTS = YES;
				CLANG_WARN_EMPTY_BODY = YES;
				CLANG_WARN_ENUM_CONVERSION = YES;
				CLANG_WARN_INFINITE_RECURSION = YES;
				CLANG_WARN_INT_CONVERSION = YES;
				CLANG_WARN_OBJC_ROOT_CLASS = YES_ERROR;
				CLANG_WARN_SUSPICIOUS_MOVE = YES;
				CLANG_WARN_UNREACHABLE_CODE = YES;
				CLANG_WARN__DUPLICATE_METHOD_MATCH = YES;
				"CODE_SIGN_IDENTITY[sdk=iphoneos*]" = "iPhone Developer";
				COPY_PHASE_STRIP = NO;
				DEBUG_INFORMATION_FORMAT = dwarf;
				ENABLE_STRICT_OBJC_MSGSEND = YES;
				ENABLE_TESTABILITY = YES;
				GCC_C_LANGUAGE_STANDARD = gnu99;
				GCC_DYNAMIC_NO_PIC = NO;
				GCC_NO_COMMON_BLOCKS = YES;
				GCC_OPTIMIZATION_LEVEL = 0;
				GCC_PREPROCESSOR_DEFINITIONS = (
					"DEBUG=1",
					"$(inherited)",
				);
				GCC_WARN_64_TO_32_BIT_CONVERSION = YES;
				GCC_WARN_ABOUT_RETURN_TYPE = YES_ERROR;
				GCC_WARN_UNDECLARED_SELECTOR = YES;
				GCC_WARN_UNINITIALIZED_AUTOS = YES_AGGRESSIVE;
				GCC_WARN_UNUSED_FUNCTION = YES;
				GCC_WARN_UNUSED_VARIABLE = YES;
				IPHONEOS_DEPLOYMENT_TARGET = 10.3;
				MTL_ENABLE_DEBUG_INFO = YES;
				ONLY_ACTIVE_ARCH = YES;
				SDKROOT = iphoneos;
				SWIFT_ACTIVE_COMPILATION_CONDITIONS = DEBUG;
				SWIFT_OPTIMIZATION_LEVEL = "-Onone";
				TARGETED_DEVICE_FAMILY = "1,2";
			};
			name = Debug;
		};
		77F9501F1F9C5B7C00E7AE5E /* Release */ = {
			isa = XCBuildConfiguration;
			buildSettings = {
				ALWAYS_SEARCH_USER_PATHS = NO;
				CLANG_ANALYZER_NONNULL = YES;
				CLANG_ANALYZER_NUMBER_OBJECT_CONVERSION = YES_AGGRESSIVE;
				CLANG_CXX_LANGUAGE_STANDARD = "gnu++0x";
				CLANG_CXX_LIBRARY = "libc++";
				CLANG_ENABLE_MODULES = YES;
				CLANG_ENABLE_OBJC_ARC = YES;
				CLANG_WARN_BOOL_CONVERSION = YES;
				CLANG_WARN_CONSTANT_CONVERSION = YES;
				CLANG_WARN_DIRECT_OBJC_ISA_USAGE = YES_ERROR;
				CLANG_WARN_DOCUMENTATION_COMMENTS = YES;
				CLANG_WARN_EMPTY_BODY = YES;
				CLANG_WARN_ENUM_CONVERSION = YES;
				CLANG_WARN_INFINITE_RECURSION = YES;
				CLANG_WARN_INT_CONVERSION = YES;
				CLANG_WARN_OBJC_ROOT_CLASS = YES_ERROR;
				CLANG_WARN_SUSPICIOUS_MOVE = YES;
				CLANG_WARN_UNREACHABLE_CODE = YES;
				CLANG_WARN__DUPLICATE_METHOD_MATCH = YES;
				"CODE_SIGN_IDENTITY[sdk=iphoneos*]" = "iPhone Developer";
				COPY_PHASE_STRIP = NO;
				DEBUG_INFORMATION_FORMAT = "dwarf-with-dsym";
				ENABLE_NS_ASSERTIONS = NO;
				ENABLE_STRICT_OBJC_MSGSEND = YES;
				GCC_C_LANGUAGE_STANDARD = gnu99;
				GCC_NO_COMMON_BLOCKS = YES;
				GCC_WARN_64_TO_32_BIT_CONVERSION = YES;
				GCC_WARN_ABOUT_RETURN_TYPE = YES_ERROR;
				GCC_WARN_UNDECLARED_SELECTOR = YES;
				GCC_WARN_UNINITIALIZED_AUTOS = YES_AGGRESSIVE;
				GCC_WARN_UNUSED_FUNCTION = YES;
				GCC_WARN_UNUSED_VARIABLE = YES;
				IPHONEOS_DEPLOYMENT_TARGET = 10.3;
				MTL_ENABLE_DEBUG_INFO = NO;
				SDKROOT = iphoneos;
				SWIFT_OPTIMIZATION_LEVEL = "-Owholemodule";
				TARGETED_DEVICE_FAMILY = "1,2";
				VALIDATE_PRODUCT = YES;
			};
			name = Release;
		};
		77F950211F9C5B7C00E7AE5E /* Debug */ = {
			isa = XCBuildConfiguration;
			buildSettings = {
				ASSETCATALOG_COMPILER_APPICON_NAME = AppIcon;
				INFOPLIST_FILE = assignment4/Info.plist;
				LD_RUNPATH_SEARCH_PATHS = "$(inherited) @executable_path/Frameworks";
				PRODUCT_BUNDLE_IDENTIFIER = neu.assignment4;
				PRODUCT_NAME = "$(TARGET_NAME)";
				SWIFT_VERSION = 3.0;
			};
			name = Debug;
		};
		77F950221F9C5B7C00E7AE5E /* Release */ = {
			isa = XCBuildConfiguration;
			buildSettings = {
				ASSETCATALOG_COMPILER_APPICON_NAME = AppIcon;
				INFOPLIST_FILE = assignment4/Info.plist;
				LD_RUNPATH_SEARCH_PATHS = "$(inherited) @executable_path/Frameworks";
				PRODUCT_BUNDLE_IDENTIFIER = neu.assignment4;
				PRODUCT_NAME = "$(TARGET_NAME)";
				SWIFT_VERSION = 3.0;
			};
			name = Release;
		};
		77F950241F9C5B7C00E7AE5E /* Debug */ = {
			isa = XCBuildConfiguration;
			buildSettings = {
				ALWAYS_EMBED_SWIFT_STANDARD_LIBRARIES = YES;
				BUNDLE_LOADER = "$(TEST_HOST)";
				INFOPLIST_FILE = assignment4Tests/Info.plist;
				LD_RUNPATH_SEARCH_PATHS = "$(inherited) @executable_path/Frameworks @loader_path/Frameworks";
				PRODUCT_BUNDLE_IDENTIFIER = neu.assignment4Tests;
				PRODUCT_NAME = "$(TARGET_NAME)";
				SWIFT_VERSION = 3.0;
				TEST_HOST = "$(BUILT_PRODUCTS_DIR)/assignment4.app/assignment4";
			};
			name = Debug;
		};
		77F950251F9C5B7C00E7AE5E /* Release */ = {
			isa = XCBuildConfiguration;
			buildSettings = {
				ALWAYS_EMBED_SWIFT_STANDARD_LIBRARIES = YES;
				BUNDLE_LOADER = "$(TEST_HOST)";
				INFOPLIST_FILE = assignment4Tests/Info.plist;
				LD_RUNPATH_SEARCH_PATHS = "$(inherited) @executable_path/Frameworks @loader_path/Frameworks";
				PRODUCT_BUNDLE_IDENTIFIER = neu.assignment4Tests;
				PRODUCT_NAME = "$(TARGET_NAME)";
				SWIFT_VERSION = 3.0;
				TEST_HOST = "$(BUILT_PRODUCTS_DIR)/assignment4.app/assignment4";
			};
			name = Release;
		};
		77F950271F9C5B7C00E7AE5E /* Debug */ = {
			isa = XCBuildConfiguration;
			buildSettings = {
				ALWAYS_EMBED_SWIFT_STANDARD_LIBRARIES = YES;
				INFOPLIST_FILE = assignment4UITests/Info.plist;
				LD_RUNPATH_SEARCH_PATHS = "$(inherited) @executable_path/Frameworks @loader_path/Frameworks";
				PRODUCT_BUNDLE_IDENTIFIER = neu.assignment4UITests;
				PRODUCT_NAME = "$(TARGET_NAME)";
				SWIFT_VERSION = 3.0;
				TEST_TARGET_NAME = assignment4;
			};
			name = Debug;
		};
		77F950281F9C5B7C00E7AE5E /* Release */ = {
			isa = XCBuildConfiguration;
			buildSettings = {
				ALWAYS_EMBED_SWIFT_STANDARD_LIBRARIES = YES;
				INFOPLIST_FILE = assignment4UITests/Info.plist;
				LD_RUNPATH_SEARCH_PATHS = "$(inherited) @executable_path/Frameworks @loader_path/Frameworks";
				PRODUCT_BUNDLE_IDENTIFIER = neu.assignment4UITests;
				PRODUCT_NAME = "$(TARGET_NAME)";
				SWIFT_VERSION = 3.0;
				TEST_TARGET_NAME = assignment4;
			};
			name = Release;
		};
/* End XCBuildConfiguration section */

/* Begin XCConfigurationList section */
		77F94FF31F9C5B7C00E7AE5E /* Build configuration list for PBXProject "assignment4" */ = {
			isa = XCConfigurationList;
			buildConfigurations = (
				77F9501E1F9C5B7C00E7AE5E /* Debug */,
				77F9501F1F9C5B7C00E7AE5E /* Release */,
			);
			defaultConfigurationIsVisible = 0;
			defaultConfigurationName = Release;
		};
		77F950201F9C5B7C00E7AE5E /* Build configuration list for PBXNativeTarget "assignment4" */ = {
			isa = XCConfigurationList;
			buildConfigurations = (
				77F950211F9C5B7C00E7AE5E /* Debug */,
				77F950221F9C5B7C00E7AE5E /* Release */,
			);
			defaultConfigurationIsVisible = 0;
			defaultConfigurationName = Release;
		};
		77F950231F9C5B7C00E7AE5E /* Build configuration list for PBXNativeTarget "assignment4Tests" */ = {
			isa = XCConfigurationList;
			buildConfigurations = (
				77F950241F9C5B7C00E7AE5E /* Debug */,
				77F950251F9C5B7C00E7AE5E /* Release */,
			);
			defaultConfigurationIsVisible = 0;
			defaultConfigurationName = Release;
		};
		77F950261F9C5B7C00E7AE5E /* Build configuration list for PBXNativeTarget "assignment4UITests" */ = {
			isa = XCConfigurationList;
			buildConfigurations = (
				77F950271F9C5B7C00E7AE5E /* Debug */,
				77F950281F9C5B7C00E7AE5E /* Release */,
			);
			defaultConfigurationIsVisible = 0;
			defaultConfigurationName = Release;
		};
/* End XCConfigurationList section */
	};
	rootObject = 77F94FF01F9C5B7C00E7AE5E /* Project object */;
}
